// !$*UTF8*$!
{
	archiveVersion = 1;
	classes = {
	};
	objectVersion = 46;
	objects = {

/* Begin PBXBuildFile section */
		FA13552C1AC607ED0000BF3E /* AppDelegate.swift in Sources */ = {isa = PBXBuildFile; fileRef = FA13552B1AC607ED0000BF3E /* AppDelegate.swift */; };
		FA13552E1AC607ED0000BF3E /* ViewController.swift in Sources */ = {isa = PBXBuildFile; fileRef = FA13552D1AC607ED0000BF3E /* ViewController.swift */; };
		FA1355311AC607ED0000BF3E /* Main.storyboard in Resources */ = {isa = PBXBuildFile; fileRef = FA13552F1AC607ED0000BF3E /* Main.storyboard */; };
		FA1355331AC607ED0000BF3E /* Images.xcassets in Resources */ = {isa = PBXBuildFile; fileRef = FA1355321AC607ED0000BF3E /* Images.xcassets */; };
		FA1355361AC607ED0000BF3E /* LaunchScreen.xib in Resources */ = {isa = PBXBuildFile; fileRef = FA1355341AC607ED0000BF3E /* LaunchScreen.xib */; };
		FA1355421AC607ED0000BF3E /* TimeTableTests.swift in Sources */ = {isa = PBXBuildFile; fileRef = FA1355411AC607ED0000BF3E /* TimeTableTests.swift */; };
		FA13554D1AC608580000BF3E /* WebuntisAPI.swift in Sources */ = {isa = PBXBuildFile; fileRef = FA13554C1AC608580000BF3E /* WebuntisAPI.swift */; };
		FA13554F1AC608830000BF3E /* InformationClasses.swift in Sources */ = {isa = PBXBuildFile; fileRef = FA13554E1AC608830000BF3E /* InformationClasses.swift */; };
		FA1355521AC609B60000BF3E /* SwiftyJSON.swift in Sources */ = {isa = PBXBuildFile; fileRef = FA1355511AC609B60000BF3E /* SwiftyJSON.swift */; };
		FA1355541AC60BC20000BF3E /* Extensions.swift in Sources */ = {isa = PBXBuildFile; fileRef = FA1355531AC60BC20000BF3E /* Extensions.swift */; };
		FA8CCCDC1AC733B80025AA82 /* CustomCollectionViewLayout.swift in Sources */ = {isa = PBXBuildFile; fileRef = FA8CCCDB1AC733B80025AA82 /* CustomCollectionViewLayout.swift */; };
		FA8CCCE01AC7394A0025AA82 /* CustomCollectionViewCell.swift in Sources */ = {isa = PBXBuildFile; fileRef = FA8CCCDF1AC7394A0025AA82 /* CustomCollectionViewCell.swift */; };
		FA8CCCE41AC769910025AA82 /* TimeTable.swift in Sources */ = {isa = PBXBuildFile; fileRef = FA8CCCE31AC769910025AA82 /* TimeTable.swift */; };
/* End PBXBuildFile section */

/* Begin PBXContainerItemProxy section */
		FA13553C1AC607ED0000BF3E /* PBXContainerItemProxy */ = {
			isa = PBXContainerItemProxy;
			containerPortal = FA13551E1AC607ED0000BF3E /* Project object */;
			proxyType = 1;
			remoteGlobalIDString = FA1355251AC607ED0000BF3E;
			remoteInfo = TimeTable;
		};
/* End PBXContainerItemProxy section */

/* Begin PBXFileReference section */
		FA1355261AC607ED0000BF3E /* TimeTable.app */ = {isa = PBXFileReference; explicitFileType = wrapper.application; includeInIndex = 0; path = TimeTable.app; sourceTree = BUILT_PRODUCTS_DIR; };
		FA13552A1AC607ED0000BF3E /* Info.plist */ = {isa = PBXFileReference; lastKnownFileType = text.plist.xml; path = Info.plist; sourceTree = "<group>"; };
		FA13552B1AC607ED0000BF3E /* AppDelegate.swift */ = {isa = PBXFileReference; lastKnownFileType = sourcecode.swift; path = AppDelegate.swift; sourceTree = "<group>"; };
		FA13552D1AC607ED0000BF3E /* ViewController.swift */ = {isa = PBXFileReference; lastKnownFileType = sourcecode.swift; path = ViewController.swift; sourceTree = "<group>"; };
		FA1355301AC607ED0000BF3E /* Base */ = {isa = PBXFileReference; lastKnownFileType = file.storyboard; name = Base; path = Base.lproj/Main.storyboard; sourceTree = "<group>"; };
		FA1355321AC607ED0000BF3E /* Images.xcassets */ = {isa = PBXFileReference; lastKnownFileType = folder.assetcatalog; path = Images.xcassets; sourceTree = "<group>"; };
		FA1355351AC607ED0000BF3E /* Base */ = {isa = PBXFileReference; lastKnownFileType = file.xib; name = Base; path = Base.lproj/LaunchScreen.xib; sourceTree = "<group>"; };
		FA13553B1AC607ED0000BF3E /* TimeTableTests.xctest */ = {isa = PBXFileReference; explicitFileType = wrapper.cfbundle; includeInIndex = 0; path = TimeTableTests.xctest; sourceTree = BUILT_PRODUCTS_DIR; };
		FA1355401AC607ED0000BF3E /* Info.plist */ = {isa = PBXFileReference; lastKnownFileType = text.plist.xml; path = Info.plist; sourceTree = "<group>"; };
		FA1355411AC607ED0000BF3E /* TimeTableTests.swift */ = {isa = PBXFileReference; lastKnownFileType = sourcecode.swift; path = TimeTableTests.swift; sourceTree = "<group>"; };
		FA13554C1AC608580000BF3E /* WebuntisAPI.swift */ = {isa = PBXFileReference; fileEncoding = 4; lastKnownFileType = sourcecode.swift; name = WebuntisAPI.swift; path = "Data Classes/WebuntisAPI.swift"; sourceTree = "<group>"; };
		FA13554E1AC608830000BF3E /* InformationClasses.swift */ = {isa = PBXFileReference; fileEncoding = 4; lastKnownFileType = sourcecode.swift; path = InformationClasses.swift; sourceTree = "<group>"; };
		FA1355511AC609B60000BF3E /* SwiftyJSON.swift */ = {isa = PBXFileReference; fileEncoding = 4; lastKnownFileType = sourcecode.swift; path = SwiftyJSON.swift; sourceTree = "<group>"; };
		FA1355531AC60BC20000BF3E /* Extensions.swift */ = {isa = PBXFileReference; fileEncoding = 4; lastKnownFileType = sourcecode.swift; name = Extensions.swift; path = "Data Classes/Extensions.swift"; sourceTree = "<group>"; };
		FA8CCCDB1AC733B80025AA82 /* CustomCollectionViewLayout.swift */ = {isa = PBXFileReference; fileEncoding = 4; lastKnownFileType = sourcecode.swift; name = CustomCollectionViewLayout.swift; path = CustomCollectionView/CustomCollectionViewLayout.swift; sourceTree = "<group>"; };
		FA8CCCDF1AC7394A0025AA82 /* CustomCollectionViewCell.swift */ = {isa = PBXFileReference; fileEncoding = 4; lastKnownFileType = sourcecode.swift; path = CustomCollectionViewCell.swift; sourceTree = "<group>"; };
		FA8CCCE31AC769910025AA82 /* TimeTable.swift */ = {isa = PBXFileReference; fileEncoding = 4; lastKnownFileType = sourcecode.swift; name = TimeTable.swift; path = "Data Classes/TimeTable.swift"; sourceTree = "<group>"; };
/* End PBXFileReference section */

/* Begin PBXFrameworksBuildPhase section */
		FA1355231AC607ED0000BF3E /* Frameworks */ = {
			isa = PBXFrameworksBuildPhase;
			buildActionMask = 2147483647;
			files = (
			);
			runOnlyForDeploymentPostprocessing = 0;
		};
		FA1355381AC607ED0000BF3E /* Frameworks */ = {
			isa = PBXFrameworksBuildPhase;
			buildActionMask = 2147483647;
			files = (
			);
			runOnlyForDeploymentPostprocessing = 0;
		};
/* End PBXFrameworksBuildPhase section */

/* Begin PBXGroup section */
		FA13551D1AC607ED0000BF3E = {
			isa = PBXGroup;
			children = (
				FA1355281AC607ED0000BF3E /* TimeTable */,
				FA13553E1AC607ED0000BF3E /* TimeTableTests */,
				FA1355271AC607ED0000BF3E /* Products */,
			);
			sourceTree = "<group>";
		};
		FA1355271AC607ED0000BF3E /* Products */ = {
			isa = PBXGroup;
			children = (
				FA1355261AC607ED0000BF3E /* TimeTable.app */,
				FA13553B1AC607ED0000BF3E /* TimeTableTests.xctest */,
			);
			name = Products;
			sourceTree = "<group>";
		};
		FA1355281AC607ED0000BF3E /* TimeTable */ = {
			isa = PBXGroup;
			children = (
				FA8CCCDA1AC733960025AA82 /* CustomCollectionView */,
				FA1355501AC609A30000BF3E /* Frameworks */,
				FA13554B1AC608000000BF3E /* Data Classes */,
				FA13552B1AC607ED0000BF3E /* AppDelegate.swift */,
				FA13552D1AC607ED0000BF3E /* ViewController.swift */,
				FA13552F1AC607ED0000BF3E /* Main.storyboard */,
				FA1355321AC607ED0000BF3E /* Images.xcassets */,
				FA1355341AC607ED0000BF3E /* LaunchScreen.xib */,
				FA1355291AC607ED0000BF3E /* Supporting Files */,
			);
			path = TimeTable;
			sourceTree = "<group>";
		};
		FA1355291AC607ED0000BF3E /* Supporting Files */ = {
			isa = PBXGroup;
			children = (
				FA13552A1AC607ED0000BF3E /* Info.plist */,
			);
			name = "Supporting Files";
			sourceTree = "<group>";
		};
		FA13553E1AC607ED0000BF3E /* TimeTableTests */ = {
			isa = PBXGroup;
			children = (
				FA1355411AC607ED0000BF3E /* TimeTableTests.swift */,
				FA13553F1AC607ED0000BF3E /* Supporting Files */,
			);
			path = TimeTableTests;
			sourceTree = "<group>";
		};
		FA13553F1AC607ED0000BF3E /* Supporting Files */ = {
			isa = PBXGroup;
			children = (
				FA1355401AC607ED0000BF3E /* Info.plist */,
			);
			name = "Supporting Files";
			sourceTree = "<group>";
		};
		FA13554B1AC608000000BF3E /* Data Classes */ = {
			isa = PBXGroup;
			children = (
				FA13554C1AC608580000BF3E /* WebuntisAPI.swift */,
				FA13554E1AC608830000BF3E /* InformationClasses.swift */,
				FA1355531AC60BC20000BF3E /* Extensions.swift */,
				FA8CCCE31AC769910025AA82 /* TimeTable.swift */,
			);
			name = "Data Classes";
			sourceTree = "<group>";
		};
		FA1355501AC609A30000BF3E /* Frameworks */ = {
			isa = PBXGroup;
			children = (
				FA1355511AC609B60000BF3E /* SwiftyJSON.swift */,
			);
			name = Frameworks;
			sourceTree = "<group>";
		};
		FA8CCCDA1AC733960025AA82 /* CustomCollectionView */ = {
			isa = PBXGroup;
			children = (
				FA8CCCDB1AC733B80025AA82 /* CustomCollectionViewLayout.swift */,
				FA8CCCDF1AC7394A0025AA82 /* CustomCollectionViewCell.swift */,
			);
			name = CustomCollectionView;
			sourceTree = "<group>";
		};
/* End PBXGroup section */

/* Begin PBXNativeTarget section */
		FA1355251AC607ED0000BF3E /* TimeTable */ = {
			isa = PBXNativeTarget;
			buildConfigurationList = FA1355451AC607ED0000BF3E /* Build configuration list for PBXNativeTarget "TimeTable" */;
			buildPhases = (
				FA1355221AC607ED0000BF3E /* Sources */,
				FA1355231AC607ED0000BF3E /* Frameworks */,
				FA1355241AC607ED0000BF3E /* Resources */,
			);
			buildRules = (
			);
			dependencies = (
			);
			name = TimeTable;
			productName = TimeTable;
			productReference = FA1355261AC607ED0000BF3E /* TimeTable.app */;
			productType = "com.apple.product-type.application";
		};
		FA13553A1AC607ED0000BF3E /* TimeTableTests */ = {
			isa = PBXNativeTarget;
			buildConfigurationList = FA1355481AC607ED0000BF3E /* Build configuration list for PBXNativeTarget "TimeTableTests" */;
			buildPhases = (
				FA1355371AC607ED0000BF3E /* Sources */,
				FA1355381AC607ED0000BF3E /* Frameworks */,
				FA1355391AC607ED0000BF3E /* Resources */,
			);
			buildRules = (
			);
			dependencies = (
				FA13553D1AC607ED0000BF3E /* PBXTargetDependency */,
			);
			name = TimeTableTests;
			productName = TimeTableTests;
			productReference = FA13553B1AC607ED0000BF3E /* TimeTableTests.xctest */;
			productType = "com.apple.product-type.bundle.unit-test";
		};
/* End PBXNativeTarget section */

/* Begin PBXProject section */
		FA13551E1AC607ED0000BF3E /* Project object */ = {
			isa = PBXProject;
			attributes = {
				LastUpgradeCheck = 0620;
				ORGANIZATIONNAME = "Alexander Wohltan";
				TargetAttributes = {
					FA1355251AC607ED0000BF3E = {
						CreatedOnToolsVersion = 6.2;
					};
					FA13553A1AC607ED0000BF3E = {
						CreatedOnToolsVersion = 6.2;
						TestTargetID = FA1355251AC607ED0000BF3E;
					};
				};
			};
			buildConfigurationList = FA1355211AC607ED0000BF3E /* Build configuration list for PBXProject "TimeTable" */;
			compatibilityVersion = "Xcode 3.2";
			developmentRegion = English;
			hasScannedForEncodings = 0;
			knownRegions = (
				en,
				Base,
			);
			mainGroup = FA13551D1AC607ED0000BF3E;
			productRefGroup = FA1355271AC607ED0000BF3E /* Products */;
			projectDirPath = "";
			projectRoot = "";
			targets = (
				FA1355251AC607ED0000BF3E /* TimeTable */,
				FA13553A1AC607ED0000BF3E /* TimeTableTests */,
			);
		};
/* End PBXProject section */

/* Begin PBXResourcesBuildPhase section */
		FA1355241AC607ED0000BF3E /* Resources */ = {
			isa = PBXResourcesBuildPhase;
			buildActionMask = 2147483647;
			files = (
				FA1355311AC607ED0000BF3E /* Main.storyboard in Resources */,
				FA1355361AC607ED0000BF3E /* LaunchScreen.xib in Resources */,
				FA1355331AC607ED0000BF3E /* Images.xcassets in Resources */,
			);
			runOnlyForDeploymentPostprocessing = 0;
		};
		FA1355391AC607ED0000BF3E /* Resources */ = {
			isa = PBXResourcesBuildPhase;
			buildActionMask = 2147483647;
			files = (
			);
			runOnlyForDeploymentPostprocessing = 0;
		};
/* End PBXResourcesBuildPhase section */

/* Begin PBXSourcesBuildPhase section */
		FA1355221AC607ED0000BF3E /* Sources */ = {
			isa = PBXSourcesBuildPhase;
			buildActionMask = 2147483647;
			files = (
				FA13552E1AC607ED0000BF3E /* ViewController.swift in Sources */,
				FA1355541AC60BC20000BF3E /* Extensions.swift in Sources */,
				FA13552C1AC607ED0000BF3E /* AppDelegate.swift in Sources */,
				FA8CCCE01AC7394A0025AA82 /* CustomCollectionViewCell.swift in Sources */,
				FA8CCCE41AC769910025AA82 /* TimeTable.swift in Sources */,
				FA13554D1AC608580000BF3E /* WebuntisAPI.swift in Sources */,
				FA1355521AC609B60000BF3E /* SwiftyJSON.swift in Sources */,
				FA13554F1AC608830000BF3E /* InformationClasses.swift in Sources */,
				FA8CCCDC1AC733B80025AA82 /* CustomCollectionViewLayout.swift in Sources */,
			);
			runOnlyForDeploymentPostprocessing = 0;
		};
		FA1355371AC607ED0000BF3E /* Sources */ = {
			isa = PBXSourcesBuildPhase;
			buildActionMask = 2147483647;
			files = (
				FA1355421AC607ED0000BF3E /* TimeTableTests.swift in Sources */,
			);
			runOnlyForDeploymentPostprocessing = 0;
		};
/* End PBXSourcesBuildPhase section */

/* Begin PBXTargetDependency section */
		FA13553D1AC607ED0000BF3E /* PBXTargetDependency */ = {
			isa = PBXTargetDependency;
			target = FA1355251AC607ED0000BF3E /* TimeTable */;
			targetProxy = FA13553C1AC607ED0000BF3E /* PBXContainerItemProxy */;
		};
/* End PBXTargetDependency section */

/* Begin PBXVariantGroup section */
		FA13552F1AC607ED0000BF3E /* Main.storyboard */ = {
			isa = PBXVariantGroup;
			children = (
				FA1355301AC607ED0000BF3E /* Base */,
			);
			name = Main.storyboard;
			sourceTree = "<group>";
		};
		FA1355341AC607ED0000BF3E /* LaunchScreen.xib */ = {
			isa = PBXVariantGroup;
			children = (
				FA1355351AC607ED0000BF3E /* Base */,
			);
			name = LaunchScreen.xib;
			sourceTree = "<group>";
		};
/* End PBXVariantGroup section */

/* Begin XCBuildConfiguration section */
		FA1355431AC607ED0000BF3E /* Debug */ = {
			isa = XCBuildConfiguration;
			buildSettings = {
				ALWAYS_SEARCH_USER_PATHS = NO;
				CLANG_CXX_LANGUAGE_STANDARD = "gnu++0x";
				CLANG_CXX_LIBRARY = "libc++";
				CLANG_ENABLE_MODULES = YES;
				CLANG_ENABLE_OBJC_ARC = YES;
				CLANG_WARN_BOOL_CONVERSION = YES;
				CLANG_WARN_CONSTANT_CONVERSION = YES;
				CLANG_WARN_DIRECT_OBJC_ISA_USAGE = YES_ERROR;
				CLANG_WARN_EMPTY_BODY = YES;
				CLANG_WARN_ENUM_CONVERSION = YES;
				CLANG_WARN_INT_CONVERSION = YES;
				CLANG_WARN_OBJC_ROOT_CLASS = YES_ERROR;
				CLANG_WARN_UNREACHABLE_CODE = YES;
				CLANG_WARN__DUPLICATE_METHOD_MATCH = YES;
				"CODE_SIGN_IDENTITY[sdk=iphoneos*]" = "iPhone Developer";
				COPY_PHASE_STRIP = NO;
				ENABLE_STRICT_OBJC_MSGSEND = YES;
				GCC_C_LANGUAGE_STANDARD = gnu99;
				GCC_DYNAMIC_NO_PIC = NO;
				GCC_OPTIMIZATION_LEVEL = 0;
				GCC_PREPROCESSOR_DEFINITIONS = (
					"DEBUG=1",
					"$(inherited)",
				);
				GCC_SYMBOLS_PRIVATE_EXTERN = NO;
				GCC_WARN_64_TO_32_BIT_CONVERSION = YES;
				GCC_WARN_ABOUT_RETURN_TYPE = YES_ERROR;
				GCC_WARN_UNDECLARED_SELECTOR = YES;
				GCC_WARN_UNINITIALIZED_AUTOS = YES_AGGRESSIVE;
				GCC_WARN_UNUSED_FUNCTION = YES;
				GCC_WARN_UNUSED_VARIABLE = YES;
				IPHONEOS_DEPLOYMENT_TARGET = 8.2;
				MTL_ENABLE_DEBUG_INFO = YES;
				ONLY_ACTIVE_ARCH = YES;
				SDKROOT = iphoneos;
				SWIFT_OPTIMIZATION_LEVEL = "-Onone";
				TARGETED_DEVICE_FAMILY = "1,2";
			};
			name = Debug;
		};
		FA1355441AC607ED0000BF3E /* Release */ = {
			isa = XCBuildConfiguration;
			buildSettings = {
				ALWAYS_SEARCH_USER_PATHS = NO;
				CLANG_CXX_LANGUAGE_STANDARD = "gnu++0x";
				CLANG_CXX_LIBRARY = "libc++";
				CLANG_ENABLE_MODULES = YES;
				CLANG_ENABLE_OBJC_ARC = YES;
				CLANG_WARN_BOOL_CONVERSION = YES;
				CLANG_WARN_CONSTANT_CONVERSION = YES;
				CLANG_WARN_DIRECT_OBJC_ISA_USAGE = YES_ERROR;
				CLANG_WARN_EMPTY_BODY = YES;
				CLANG_WARN_ENUM_CONVERSION = YES;
				CLANG_WARN_INT_CONVERSION = YES;
				CLANG_WARN_OBJC_ROOT_CLASS = YES_ERROR;
				CLANG_WARN_UNREACHABLE_CODE = YES;
				CLANG_WARN__DUPLICATE_METHOD_MATCH = YES;
				"CODE_SIGN_IDENTITY[sdk=iphoneos*]" = "iPhone Developer";
				COPY_PHASE_STRIP = NO;
				ENABLE_NS_ASSERTIONS = NO;
				ENABLE_STRICT_OBJC_MSGSEND = YES;
				GCC_C_LANGUAGE_STANDARD = gnu99;
				GCC_WARN_64_TO_32_BIT_CONVERSION = YES;
				GCC_WARN_ABOUT_RETURN_TYPE = YES_ERROR;
				GCC_WARN_UNDECLARED_SELECTOR = YES;
				GCC_WARN_UNINITIALIZED_AUTOS = YES_AGGRESSIVE;
				GCC_WARN_UNUSED_FUNCTION = YES;
				GCC_WARN_UNUSED_VARIABLE = YES;
				IPHONEOS_DEPLOYMENT_TARGET = 8.2;
				MTL_ENABLE_DEBUG_INFO = NO;
				SDKROOT = iphoneos;
				TARGETED_DEVICE_FAMILY = "1,2";
				VALIDATE_PRODUCT = YES;
			};
			name = Release;
		};
		FA1355461AC607ED0000BF3E /* Debug */ = {
			isa = XCBuildConfiguration;
			buildSettings = {
				ASSETCATALOG_COMPILER_APPICON_NAME = AppIcon;
				INFOPLIST_FILE = TimeTable/Info.plist;
				LD_RUNPATH_SEARCH_PATHS = "$(inherited) @executable_path/Frameworks";
				PRODUCT_NAME = "$(TARGET_NAME)";
			};
			name = Debug;
		};
		FA1355471AC607ED0000BF3E /* Release */ = {
			isa = XCBuildConfiguration;
			buildSettings = {
				ASSETCATALOG_COMPILER_APPICON_NAME = AppIcon;
				INFOPLIST_FILE = TimeTable/Info.plist;
				LD_RUNPATH_SEARCH_PATHS = "$(inherited) @executable_path/Frameworks";
				PRODUCT_NAME = "$(TARGET_NAME)";
			};
			name = Release;
		};
		FA1355491AC607ED0000BF3E /* Debug */ = {
			isa = XCBuildConfiguration;
			buildSettings = {
				BUNDLE_LOADER = "$(TEST_HOST)";
				FRAMEWORK_SEARCH_PATHS = (
					"$(SDKROOT)/Developer/Library/Frameworks",
					"$(inherited)",
				);
				GCC_PREPROCESSOR_DEFINITIONS = (
					"DEBUG=1",
					"$(inherited)",
				);
				INFOPLIST_FILE = TimeTableTests/Info.plist;
				LD_RUNPATH_SEARCH_PATHS = "$(inherited) @executable_path/Frameworks @loader_path/Frameworks";
				PRODUCT_NAME = "$(TARGET_NAME)";
				TEST_HOST = "$(BUILT_PRODUCTS_DIR)/TimeTable.app/TimeTable";
			};
			name = Debug;
		};
		FA13554A1AC607ED0000BF3E /* Release */ = {
			isa = XCBuildConfiguration;
			buildSettings = {
				BUNDLE_LOADER = "$(TEST_HOST)";
				FRAMEWORK_SEARCH_PATHS = (
					"$(SDKROOT)/Developer/Library/Frameworks",
					"$(inherited)",
				);
				INFOPLIST_FILE = TimeTableTests/Info.plist;
				LD_RUNPATH_SEARCH_PATHS = "$(inherited) @executable_path/Frameworks @loader_path/Frameworks";
				PRODUCT_NAME = "$(TARGET_NAME)";
				TEST_HOST = "$(BUILT_PRODUCTS_DIR)/TimeTable.app/TimeTable";
			};
			name = Release;
		};
/* End XCBuildConfiguration section */

/* Begin XCConfigurationList section */
		FA1355211AC607ED0000BF3E /* Build configuration list for PBXProject "TimeTable" */ = {
			isa = XCConfigurationList;
			buildConfigurations = (
				FA1355431AC607ED0000BF3E /* Debug */,
				FA1355441AC607ED0000BF3E /* Release */,
			);
			defaultConfigurationIsVisible = 0;
			defaultConfigurationName = Release;
		};
		FA1355451AC607ED0000BF3E /* Build configuration list for PBXNativeTarget "TimeTable" */ = {
			isa = XCConfigurationList;
			buildConfigurations = (
				FA1355461AC607ED0000BF3E /* Debug */,
				FA1355471AC607ED0000BF3E /* Release */,
			);
			defaultConfigurationIsVisible = 0;
			defaultConfigurationName = Release;
		};
		FA1355481AC607ED0000BF3E /* Build configuration list for PBXNativeTarget "TimeTableTests" */ = {
			isa = XCConfigurationList;
			buildConfigurations = (
				FA1355491AC607ED0000BF3E /* Debug */,
				FA13554A1AC607ED0000BF3E /* Release */,
			);
			defaultConfigurationIsVisible = 0;
			defaultConfigurationName = Release;
		};
/* End XCConfigurationList section */
	};
	rootObject = FA13551E1AC607ED0000BF3E /* Project object */;
}
